
Microsoft Visual Studio Solution File, Format Version 12.00
# Visual Studio 15
VisualStudioVersion = 15.0.28307.271
MinimumVisualStudioVersion = 10.0.40219.1
Project("{FAE04EC0-301F-11D3-BF4B-00C04F79EFBC}") = "FileExplorer", "FileExplorer\FileExplorer.csproj", "{34A803BE-8396-4A38-9E1E-D96F37466399}"
EndProject
Global
	GlobalSection(SolutionConfigurationPlatforms) = preSolution
		Debug|Any CPU = Debug|Any CPU
		Release|Any CPU = Release|Any CPU
	EndGlobalSection
	GlobalSection(ProjectConfigurationPlatforms) = postSolution
		{34A803BE-8396-4A38-9E1E-D96F37466399}.Debug|Any CPU.ActiveCfg = Debug|Any CPU
		{34A803BE-8396-4A38-9E1E-D96F37466399}.Debug|Any CPU.Build.0 = Debug|Any CPU
		{34A803BE-8396-4A38-9E1E-D96F37466399}.Release|Any CPU.ActiveCfg = Release|Any CPU
		{34A803BE-8396-4A38-9E1E-D96F37466399}.Release|Any CPU.Build.0 = Release|Any CPU
	EndGlobalSection
	GlobalSection(SolutionProperties) = preSolution
		HideSolutionNode = FALSE
	EndGlobalSection
	GlobalSection(ExtensibilityGlobals) = postSolution
		SolutionGuid = {A66BFF38-AA9B-4602-B673-AD5C7855D9BD}
	EndGlobalSection
EndGlobal
